
Microsoft Visual Studio Solution File, Format Version 12.00
# Visual Studio Version 17
VisualStudioVersion = 17.0.31912.275
MinimumVisualStudioVersion = 10.0.40219.1
Project("{FAE04EC0-301F-11D3-BF4B-00C04F79EFBC}") = "DataGrid", "DataGrid\DataGrid.csproj", "{0CC5A6FB-CA94-470B-883E-DBD185FD9C71}"
EndProject
Global
	GlobalSection(SolutionConfigurationPlatforms) = preSolution
		Debug|Any CPU = Debug|Any CPU
		Release|Any CPU = Release|Any CPU
	EndGlobalSection
	GlobalSection(ProjectConfigurationPlatforms) = postSolution
		{0CC5A6FB-CA94-470B-883E-DBD185FD9C71}.Debug|Any CPU.ActiveCfg = Debug|Any CPU
		{0CC5A6FB-CA94-470B-883E-DBD185FD9C71}.Debug|Any CPU.Build.0 = Debug|Any CPU
		{0CC5A6FB-CA94-470B-883E-DBD185FD9C71}.Release|Any CPU.ActiveCfg = Release|Any CPU
		{0CC5A6FB-CA94-470B-883E-DBD185FD9C71}.Release|Any CPU.Build.0 = Release|Any CPU
	EndGlobalSection
	GlobalSection(SolutionProperties) = preSolution
		HideSolutionNode = FALSE
	EndGlobalSection
	GlobalSection(ExtensibilityGlobals) = postSolution
		SolutionGuid = {F64FB7B0-CC67-4B8E-9C55-4838D52A665B}
	EndGlobalSection
EndGlobal
